
Microsoft Visual Studio Solution File, Format Version 12.00
# Visual Studio Version 17
VisualStudioVersion = 17.9.34902.65
MinimumVisualStudioVersion = 10.0.40219.1
Project("{9A19103F-16F7-4668-BE54-9A1E7A4F7556}") = "Marchandises", "Marchandises.csproj", "{3C00596D-0D0F-4A1A-A046-57BFE577877C}"
EndProject
Global
	GlobalSection(SolutionConfigurationPlatforms) = preSolution
		Debug|Any CPU = Debug|Any CPU
		Release|Any CPU = Release|Any CPU
	EndGlobalSection
	GlobalSection(ProjectConfigurationPlatforms) = postSolution
		{3C00596D-0D0F-4A1A-A046-57BFE577877C}.Debug|Any CPU.ActiveCfg = Debug|Any CPU
		{3C00596D-0D0F-4A1A-A046-57BFE577877C}.Debug|Any CPU.Build.0 = Debug|Any CPU
		{3C00596D-0D0F-4A1A-A046-57BFE577877C}.Release|Any CPU.ActiveCfg = Release|Any CPU
		{3C00596D-0D0F-4A1A-A046-57BFE577877C}.Release|Any CPU.Build.0 = Release|Any CPU
	EndGlobalSection
	GlobalSection(SolutionProperties) = preSolution
		HideSolutionNode = FALSE
	EndGlobalSection
	GlobalSection(ExtensibilityGlobals) = postSolution
		SolutionGuid = {58141E51-70A5-4689-96DC-00514AA92248}
	EndGlobalSection
EndGlobal
